
Microsoft Visual Studio Solution File, Format Version 12.00
# Visual Studio Version 16
VisualStudioVersion = 16.0.31402.337
MinimumVisualStudioVersion = 10.0.40219.1
Project("{8BC9CEB8-8B4A-11D0-8D11-00A0C91BC942}") = "final project 2021", "final project 2021\final project 2021.vcxproj", "{9809D083-8C01-48F7-B2EE-C8970EEE8D84}"
EndProject
Global
	GlobalSection(SolutionConfigurationPlatforms) = preSolution
		Debug|x64 = Debug|x64
		Debug|x86 = Debug|x86
		Release|x64 = Release|x64
		Release|x86 = Release|x86
	EndGlobalSection
	GlobalSection(ProjectConfigurationPlatforms) = postSolution
		{9809D083-8C01-48F7-B2EE-C8970EEE8D84}.Debug|x64.ActiveCfg = Debug|x64
		{9809D083-8C01-48F7-B2EE-C8970EEE8D84}.Debug|x64.Build.0 = Debug|x64
		{9809D083-8C01-48F7-B2EE-C8970EEE8D84}.Debug|x86.ActiveCfg = Debug|Win32
		{9809D083-8C01-48F7-B2EE-C8970EEE8D84}.Debug|x86.Build.0 = Debug|Win32
		{9809D083-8C01-48F7-B2EE-C8970EEE8D84}.Release|x64.ActiveCfg = Release|x64
		{9809D083-8C01-48F7-B2EE-C8970EEE8D84}.Release|x64.Build.0 = Release|x64
		{9809D083-8C01-48F7-B2EE-C8970EEE8D84}.Release|x86.ActiveCfg = Release|Win32
		{9809D083-8C01-48F7-B2EE-C8970EEE8D84}.Release|x86.Build.0 = Release|Win32
	EndGlobalSection
	GlobalSection(SolutionProperties) = preSolution
		HideSolutionNode = FALSE
	EndGlobalSection
	GlobalSection(ExtensibilityGlobals) = postSolution
		SolutionGuid = {34A43940-530D-46E3-A716-23D987ACB800}
	EndGlobalSection
EndGlobal
